github.com/dotenv-org/godotenvvault v0.6.0 h1:e6rUPELZaPmf6SgxxdB3nACG9VQAE8+omrSSZm0QUgk=
github.com/dotenv-org/godotenvvault v0.6.0/go.mod h1:q/635WfmO04uUBVwrDWchRPOvPWaplWC6Udm+illcS4=
github.com/joho/godotenv v1.5.1 h1:7eLL/+HRGLY0ldzfGMeQkb7vMd0as4CfYvUVzLqw0N0=
github.com/joho/godotenv v1.5.1/go.mod h1:f4LDr5Voq0i2e/R5DDNOoa2zzDfwtkZa6DnEwAbqwq4=
